{
  "pins" : [
    {
      "identity" : "core-sdk-swift-package",
      "kind" : "remoteSourceControl",
      "location" : "https://github.com/Kidoz-SDK/core-sdk-swift-package.git",
      "state" : {
        "revision" : "f8f0ef9d853dbab52ef7b1fa21200d9ac846a1a4",
        "version" : "10.1.3"
      }
    }
  ],
  "version" : 2
}
